{
  "projects": [
    {
      "projectId": "8rq3bpywbirkYcx5PyNhYA",
      "version": "0.0.1",
      "dependencies": {},
      "lang": "ts",
      "fileLocks": [
        {
          "assetId": "8rq3bpywbirkYcx5PyNhYA",
          "type": "projectCss",
          "checksum": "e1ec850476829c38b0f9b6d4f7ac446a"
        },
        {
          "assetId": "8rq3bpywbirkYcx5PyNhYA",
          "checksum": "d52d3490f0e1f04ccacbe785ab612e56",
          "type": "globalContexts"
        }
      ],
      "codegenVersion": "0.0.1"
    },
    {
      "projectId": "ohsqp8PMn5UmAsbkFsEo6g",
      "version": "0.0.1",
      "dependencies": {},
      "lang": "ts",
      "fileLocks": [
        {
          "assetId": "ohsqp8PMn5UmAsbkFsEo6g",
          "type": "projectCss",
          "checksum": "e76cee85e96cb3fff580d5552a47cfe4"
        },
        {
          "assetId": "ohsqp8PMn5UmAsbkFsEo6g",
          "checksum": "becee737420018bc818dc58b7589b982",
          "type": "globalContexts"
        }
      ],
      "codegenVersion": "0.0.1"
    },
    {
      "projectId": "2C8X9T9xBuGbL117TTMfpr",
      "version": "latest",
      "dependencies": {
        "ohsqp8PMn5UmAsbkFsEo6g": "0.0.1",
        "8rq3bpywbirkYcx5PyNhYA": "0.0.1"
      },
      "lang": "ts",
      "fileLocks": [
        {
          "type": "globalVariant",
          "assetId": "cekPkZmV_JwL",
          "checksum": "cc2f814bc35c704b308a38c23941fe0b"
        },
        {
          "assetId": "2C8X9T9xBuGbL117TTMfpr",
          "type": "projectCss",
          "checksum": "9c757ab25d7efb3cebf6fa84dd0231e6"
        },
        {
          "assetId": "2C8X9T9xBuGbL117TTMfpr",
          "checksum": "c7752a2f696f61e9c7baf1329b33f2b1",
          "type": "globalContexts"
        },
        {
          "type": "renderModule",
          "assetId": "b1kXBY_0cBr2",
          "checksum": "05bdbbb80fa171e4c2921d197b6ec02a"
        },
        {
          "type": "cssRules",
          "assetId": "b1kXBY_0cBr2",
          "checksum": "05bdbbb80fa171e4c2921d197b6ec02a"
        },
        {
          "type": "renderModule",
          "assetId": "SEnN_U2Uj8xN",
          "checksum": "a121ab7a660d6d84234ed51b08f30994"
        },
        {
          "type": "cssRules",
          "assetId": "SEnN_U2Uj8xN",
          "checksum": "a121ab7a660d6d84234ed51b08f30994"
        },
        {
          "type": "renderModule",
          "assetId": "ccuwNEOGFfp_",
          "checksum": "b23720cc00492c54ea36707f69b7a03e"
        },
        {
          "type": "cssRules",
          "assetId": "ccuwNEOGFfp_",
          "checksum": "b23720cc00492c54ea36707f69b7a03e"
        },
        {
          "type": "renderModule",
          "assetId": "1buh2IQS5dMf",
          "checksum": "8ee2d7e92646fbb800e0f65dca794cc2"
        },
        {
          "type": "cssRules",
          "assetId": "1buh2IQS5dMf",
          "checksum": "8ee2d7e92646fbb800e0f65dca794cc2"
        },
        {
          "type": "renderModule",
          "assetId": "obmZxzdErBfF",
          "checksum": "b248aca3db20e973c7466782c2f4ba0e"
        },
        {
          "type": "cssRules",
          "assetId": "obmZxzdErBfF",
          "checksum": "b248aca3db20e973c7466782c2f4ba0e"
        },
        {
          "type": "renderModule",
          "assetId": "PFEe4aQMxHwm",
          "checksum": "b578a8b23055005958c47041a0fae76e"
        },
        {
          "type": "cssRules",
          "assetId": "PFEe4aQMxHwm",
          "checksum": "b578a8b23055005958c47041a0fae76e"
        },
        {
          "type": "renderModule",
          "assetId": "5iLdC_WQtA5E",
          "checksum": "8a1ad222f4c2cdacdeabf4659a7596b4"
        },
        {
          "type": "cssRules",
          "assetId": "5iLdC_WQtA5E",
          "checksum": "8a1ad222f4c2cdacdeabf4659a7596b4"
        },
        {
          "type": "renderModule",
          "assetId": "_BdML9CFSoN9",
          "checksum": "c1b05742777f1049e9976bf1a37ce472"
        },
        {
          "type": "cssRules",
          "assetId": "_BdML9CFSoN9",
          "checksum": "c1b05742777f1049e9976bf1a37ce472"
        },
        {
          "type": "renderModule",
          "assetId": "X3WZzICimdz7",
          "checksum": "0d957222e29891f957ca814a29b46f71"
        },
        {
          "type": "cssRules",
          "assetId": "X3WZzICimdz7",
          "checksum": "0d957222e29891f957ca814a29b46f71"
        },
        {
          "type": "renderModule",
          "assetId": "1x1aEdQQTKUy",
          "checksum": "751a4120c42840369fa7c644d90d0875"
        },
        {
          "type": "cssRules",
          "assetId": "1x1aEdQQTKUy",
          "checksum": "751a4120c42840369fa7c644d90d0875"
        },
        {
          "type": "renderModule",
          "assetId": "YkDTpRyinUOR",
          "checksum": "bba0bc2b710809ffc4590721a212ef57"
        },
        {
          "type": "cssRules",
          "assetId": "YkDTpRyinUOR",
          "checksum": "bba0bc2b710809ffc4590721a212ef57"
        },
        {
          "type": "renderModule",
          "assetId": "JzoGLBliw4vf",
          "checksum": "4cb1c00969549604d7a93dced32bbed2"
        },
        {
          "type": "cssRules",
          "assetId": "JzoGLBliw4vf",
          "checksum": "4cb1c00969549604d7a93dced32bbed2"
        },
        {
          "type": "icon",
          "assetId": "8cpZb7I4Sp6c",
          "checksum": "b237f4a8ba46d06880703cb888c45ff0"
        },
        {
          "type": "icon",
          "assetId": "YafmbQ_VcAp1",
          "checksum": "7c0c4ba9816e645015b0a294b66a6a7d"
        },
        {
          "type": "icon",
          "assetId": "3RKjycLdBwmC",
          "checksum": "6525d21b577b7996ba9849450401ddcd"
        },
        {
          "type": "icon",
          "assetId": "EYtvhUlIdZt_",
          "checksum": "0d5d3fccb4b77683193de8ca6cd103dd"
        },
        {
          "type": "icon",
          "assetId": "NoqF5XQDVNMa",
          "checksum": "704fd544aa9d611b654677c73c607388"
        },
        {
          "type": "icon",
          "assetId": "Oewln9JY8ZAx",
          "checksum": "1443e703701019f2853437bc22a95945"
        },
        {
          "type": "icon",
          "assetId": "O2yOdG4r5S08",
          "checksum": "f5c18fd733fb4b20229974865d639baf"
        },
        {
          "type": "icon",
          "assetId": "hVTuE9Y1Hyf1",
          "checksum": "8e2c43e584bcad28c475468bbee40d69"
        },
        {
          "type": "icon",
          "assetId": "iWTjO3O2ndz6",
          "checksum": "ab48db44f88ac543d6aed4a31781f7bf"
        },
        {
          "type": "icon",
          "assetId": "es4fZcWoPG9R",
          "checksum": "55883711fb4a6c9839270dc5196898ae"
        },
        {
          "type": "icon",
          "assetId": "6kKOC6n1F_Xl",
          "checksum": "153259cdef49aacaf5c41554c41589b5"
        },
        {
          "type": "icon",
          "assetId": "cCmboV4x7ros",
          "checksum": "d7197610afc50ae06b66ae1bce124a76"
        },
        {
          "type": "icon",
          "assetId": "a3X-iqeiLBOZ",
          "checksum": "dcaf577096a7191593cbdf5e8bb85757"
        },
        {
          "type": "icon",
          "assetId": "EK3sZnklV5vy",
          "checksum": "567fd10badaf4a232a12170b9e60b8a8"
        },
        {
          "type": "icon",
          "assetId": "B3CEnW2US8Df",
          "checksum": "0986f2135b32cd0673efb64fffba7b62"
        },
        {
          "type": "icon",
          "assetId": "Aw5lz1fkvjmO",
          "checksum": "0af15134214ff3b2514a3cbf1f408efd"
        },
        {
          "type": "icon",
          "assetId": "EMUN3ADmahpx",
          "checksum": "28b51b25d4d05d0e9f700621c2ea3293"
        },
        {
          "type": "icon",
          "assetId": "GP0LwDGCtoAX",
          "checksum": "25fcd03e82589ea45dd86dcc1c5276fb"
        },
        {
          "type": "icon",
          "assetId": "1K8Me-gnvLlH",
          "checksum": "e41a0f5147ef6bcf244d8b1d3d2a2b99"
        },
        {
          "type": "image",
          "assetId": "uV5URV3v3Af5",
          "checksum": "a1815a2b23801caf04c2f9d693ba1f43"
        },
        {
          "type": "image",
          "assetId": "ro8bVxdp5nuy",
          "checksum": "d23109f417c46455909c329330d9f1fd"
        },
        {
          "type": "image",
          "assetId": "PRK8geQe-sMg",
          "checksum": "a627e93fe77cc198f53e6372604aa791"
        },
        {
          "type": "image",
          "assetId": "Os279ZBdjSN0",
          "checksum": "fa6df34643cbcbbc2c59ee5b236f4899"
        },
        {
          "type": "image",
          "assetId": "JY2hc3PUyffo",
          "checksum": "882dbef4c03c37a87a63c89d8368d2a5"
        },
        {
          "type": "image",
          "assetId": "IM0HQLvvDOHP",
          "checksum": "955154fd73a737d2a2937c03fde794da"
        },
        {
          "type": "image",
          "assetId": "SuGRoYwofuaK",
          "checksum": "cfd905aba3aeac01bd27f3df8770c880"
        },
        {
          "type": "image",
          "assetId": "XnC1tgalSBMR",
          "checksum": "a7ca38505d4dd3d847089db8427d063a"
        },
        {
          "type": "image",
          "assetId": "EaOk8wk4zfQb",
          "checksum": "a1ec634c4713c2023e777e4d272cb9ac"
        },
        {
          "type": "image",
          "assetId": "dMbmY_HmMFW7",
          "checksum": "6bfec26bf37cd86fa8bf0f5ad926cc6b"
        },
        {
          "type": "image",
          "assetId": "N5TZ83WAR8ub",
          "checksum": "5ab34e39fedb92d5be8c07e3ebb3d0b7"
        },
        {
          "type": "image",
          "assetId": "P8wAww5UyBsm",
          "checksum": "e226395972064072bab3b4c96e77cc3a"
        },
        {
          "type": "image",
          "assetId": "FSRlCgPYeNtM",
          "checksum": "4950a36ea915d639a8fad395720e2227"
        },
        {
          "type": "image",
          "assetId": "9vLeipgsH7kZ",
          "checksum": "cfaa3edbdc4c28792de76acace5909cb"
        },
        {
          "type": "image",
          "assetId": "VK0b3eupXNlT",
          "checksum": "9fce2f659f75030b92f419582fd616f0"
        },
        {
          "type": "image",
          "assetId": "su0BRiPZK92x",
          "checksum": "7e00717edbfa6de56145c01f01d12cd8"
        },
        {
          "type": "image",
          "assetId": "0_hu81pUS6aR",
          "checksum": "bd190b24f7d6c121fb3ee2f56ca3ac27"
        },
        {
          "type": "image",
          "assetId": "qUzZ0H4aSgVQ",
          "checksum": "a96c1466d934d67a9d36ec8ace5ff9e6"
        },
        {
          "type": "image",
          "assetId": "1CsuZhUTtQLt",
          "checksum": "36b853837e6385062fe66181ae6e740e"
        },
        {
          "type": "image",
          "assetId": "2FXs_kKMPMvI",
          "checksum": "c18c4dfc635945ff7d1c89b1ff3e350d"
        },
        {
          "type": "image",
          "assetId": "N9tJGvvA--bz",
          "checksum": "f5b281b5a22af8d3f921a04ab0ff14ba"
        },
        {
          "type": "image",
          "assetId": "XRldEtk--wSa",
          "checksum": "21e60859b84313b0b1c93bdf0172b1ea"
        },
        {
          "type": "image",
          "assetId": "TgqqbQF60VhD",
          "checksum": "c9d091235febd44a593de7fe9df7bc55"
        },
        {
          "type": "image",
          "assetId": "qSdkCen6ixiN",
          "checksum": "f1b21206d22008530f99d69b4e065d37"
        },
        {
          "type": "image",
          "assetId": "61YASMse8TYz",
          "checksum": "ffc88230ea6d63d3efead2cb585df7ba"
        },
        {
          "type": "image",
          "assetId": "JCUA0puLYQnl",
          "checksum": "915a0f7b7f7c334ee70995b9005e9dbc"
        },
        {
          "type": "image",
          "assetId": "YHdexknfW8oK",
          "checksum": "a1250743ee8e885fb638c291cf4eb372"
        },
        {
          "type": "image",
          "assetId": "r2y42U7_UrWA",
          "checksum": "022c71ad061ac4a1ecd478dbe9f77326"
        },
        {
          "type": "image",
          "assetId": "EvQmSIESSFAm",
          "checksum": "3e91cc406ad60281cfec30a7158fe26d"
        },
        {
          "type": "image",
          "assetId": "Yo3RGK5d2S8R",
          "checksum": "9acd6ed6b0f5c85726c79d31b1c335e9"
        },
        {
          "type": "image",
          "assetId": "xALz4xFaudAU",
          "checksum": "a23007555c475d39da4453f525257c7d"
        },
        {
          "type": "image",
          "assetId": "g1kJ3YQPoqJF",
          "checksum": "eeb05510f0d22b915e880512686414d6"
        },
        {
          "type": "image",
          "assetId": "5OHr-MjQ01oR",
          "checksum": "dc53b19cbcae7758e0a8c292bc665cab"
        },
        {
          "type": "image",
          "assetId": "o6qpq9hjgWCk",
          "checksum": "761787bc4c3a3897c11f35d5fec25f1f"
        },
        {
          "type": "image",
          "assetId": "vok7tNlkEVz8",
          "checksum": "90c5c73646c6f4e74f2dc8beac9db2e4"
        },
        {
          "type": "image",
          "assetId": "VjVjHBzFB2jx",
          "checksum": "d7e280f9d32157ee03e581674454ed6e"
        },
        {
          "type": "image",
          "assetId": "AuK9PkH05AeV",
          "checksum": "7f93105818b3b19679013bf8ae27619c"
        },
        {
          "type": "image",
          "assetId": "J96apV7IRvhi",
          "checksum": "68e04e068176d8ccab378f8a800b75b4"
        },
        {
          "type": "image",
          "assetId": "HNgFguS1_vFb",
          "checksum": "0b49f4f1b37ee62a049953146a216f43"
        },
        {
          "type": "image",
          "assetId": "W86zpbKlFxf0",
          "checksum": "f0a049274d3b0fa4e4173654bef03a87"
        },
        {
          "type": "image",
          "assetId": "wItTazEzp8J_",
          "checksum": "48295449cf6f74111185567eb35219da"
        },
        {
          "type": "image",
          "assetId": "2JXmfkKc8JzH",
          "checksum": "9e2ede0622b58a7aa1bb11da94ced994"
        },
        {
          "type": "image",
          "assetId": "OLdwIbK8lRD2",
          "checksum": "ea8d22c1e667f56280c399ab41d89e88"
        },
        {
          "type": "image",
          "assetId": "l0KIcX-49pMe",
          "checksum": "5f02965d05c1ffcc9ade31c3e17d651b"
        },
        {
          "type": "image",
          "assetId": "dQ0QkV5tgauU",
          "checksum": "d001ed8fb7bc4da26f363937fcf56131"
        },
        {
          "type": "image",
          "assetId": "N8cPAK1lvfwX",
          "checksum": "7d2c090f72e9f8d97b118d14ba287555"
        },
        {
          "type": "image",
          "assetId": "6N7zNoC4IVD6",
          "checksum": "4543e068f6d91d074c86a4c76a544526"
        },
        {
          "type": "image",
          "assetId": "1l8B6dSceJFN",
          "checksum": "7347a47a058bfba0d7c0d56501353f89"
        },
        {
          "type": "image",
          "assetId": "IRUjlQQuhP32",
          "checksum": "a2b37bcadd5373d6f40dcef611dc0b38"
        },
        {
          "type": "image",
          "assetId": "On0tC-90Izke",
          "checksum": "949b3dbe501d3e8d5279a8e4e307513b"
        },
        {
          "type": "image",
          "assetId": "zbm_Cf3YTedX",
          "checksum": "adeebecf95b5dba5b17e5cebe7d91e5d"
        },
        {
          "type": "image",
          "assetId": "DQWz-7lA_Ufl",
          "checksum": "160c6dd96f63ec7e88bd284e79f189d4"
        },
        {
          "type": "image",
          "assetId": "m8VxzLsWxsbg",
          "checksum": "4b80de38525f04de0170ae09881e7175"
        },
        {
          "type": "image",
          "assetId": "jUxAF7QuFrjo",
          "checksum": "6964e9f48e1b5434a0e98976d4821cdb"
        },
        {
          "type": "image",
          "assetId": "YezaUwyEAvnF",
          "checksum": "480183ac59ee00ac2f0840b01d0ba350"
        },
        {
          "type": "image",
          "assetId": "DXApEeIfpHUj",
          "checksum": "21189ac584fec24aff131b73e7cdd6b3"
        },
        {
          "type": "image",
          "assetId": "39WpffQM-Iaj",
          "checksum": "0deeacb8ff0c9d29f03b0f168d57dbc0"
        },
        {
          "type": "image",
          "assetId": "Cvfgq-Cz58Q_",
          "checksum": "d6e6d92fea719a20d90e7cb059314375"
        },
        {
          "type": "image",
          "assetId": "Ub0wrOcp6Qal",
          "checksum": "c1e5c67379433ded92bfc60ec1cc0698"
        },
        {
          "type": "image",
          "assetId": "6cOGMV5zii7q",
          "checksum": "334343f0ab2f9b4ec2da9d22d55a7850"
        },
        {
          "type": "image",
          "assetId": "DXursKHI9_KZ",
          "checksum": "5d9b90ca7bbfe133e63d570c5ac28ed4"
        },
        {
          "type": "image",
          "assetId": "_89RRrnIkfcg",
          "checksum": "f2989c05949acd5b2a98c97e3017e8d3"
        },
        {
          "type": "image",
          "assetId": "E8s-3FTYCJUN",
          "checksum": "b8562ee281a3b840d76d7646bc8442ae"
        },
        {
          "type": "image",
          "assetId": "2etbzwula1eJ",
          "checksum": "c2cc1e81bceb47ad88d6b5548f8d7118"
        },
        {
          "type": "image",
          "assetId": "49TWS0HqFFNz",
          "checksum": "bdbc5601919ed9b8fa51f8fc95659df4"
        },
        {
          "type": "image",
          "assetId": "Enxp4X1B-v_Q",
          "checksum": "fe66dd198ca5e12e428f99ee86a1f46d"
        },
        {
          "type": "image",
          "assetId": "ZoFzapWuX1hI",
          "checksum": "ecc29679db95fac161f17bf3d730930f"
        },
        {
          "type": "image",
          "assetId": "R4kdoCw3e5Hi",
          "checksum": "e216bbc1a8d14137417bf5cc0cf93f39"
        },
        {
          "type": "image",
          "assetId": "Fj9B-GWkVvJN",
          "checksum": "46c35446185f755b2bd5e54840c32089"
        },
        {
          "type": "image",
          "assetId": "Y_ADTxG5zkoc",
          "checksum": "ef5a5495e7a35b1b84bd39dc160e7ea9"
        },
        {
          "type": "image",
          "assetId": "NzTeV1l1e8x2",
          "checksum": "7dd00c219abc7b9269e70f4724d1ac58"
        },
        {
          "type": "image",
          "assetId": "5rLnAwr_iX64",
          "checksum": "148753af184dff3995ca2c352d7eebeb"
        },
        {
          "type": "image",
          "assetId": "W8vq2FtYeTh6",
          "checksum": "89233193e3c8de8954c2383b4e4d8018"
        },
        {
          "type": "image",
          "assetId": "ysZBrUXe3KeT",
          "checksum": "ef01a850792f0655a3f4da335420eebc"
        },
        {
          "type": "image",
          "assetId": "rhod9s5tVKcW",
          "checksum": "b662e5b0a360bb8c50d839a7bd4a9b98"
        },
        {
          "type": "image",
          "assetId": "HBMgSF56YlKo",
          "checksum": "09427d23a5f880884416fc73bd390fae"
        },
        {
          "type": "image",
          "assetId": "pAG4dPh67p2-",
          "checksum": "f0f29c218419c3fca78c076f6451fd7d"
        },
        {
          "type": "image",
          "assetId": "Liszb9v3ares",
          "checksum": "53ecaccd304811a19f3a702d219e0044"
        },
        {
          "type": "image",
          "assetId": "2LjHjXZLr31X",
          "checksum": "1ffa110e84752d2429ca4ed1d9199004"
        },
        {
          "type": "image",
          "assetId": "X2_OOyYBElhW",
          "checksum": "42d69dc213806fc221f8a3b72ee11f29"
        },
        {
          "type": "image",
          "assetId": "N2WSovr30nKm",
          "checksum": "1d87c83bcd50f1cac126a17cf43e3e37"
        },
        {
          "type": "image",
          "assetId": "tiuGgmhFRmSk",
          "checksum": "c9ca8c22bb0d0ba04cad6d6ca32a5add"
        },
        {
          "type": "image",
          "assetId": "Vcrs1jhTIY8z",
          "checksum": "86f08b611cd59307386647f9a3a3e6e9"
        },
        {
          "type": "image",
          "assetId": "UuxGCMljPmQe",
          "checksum": "0d5a0bb26652ba17162fcee4ae44d5f5"
        },
        {
          "type": "image",
          "assetId": "_9ArVqUMafJr",
          "checksum": "2b0056db24eeefff725d47f3dfe69ed9"
        },
        {
          "type": "image",
          "assetId": "wBjcdYp9d8ai",
          "checksum": "41567c869d4da21f1812d926a65f6371"
        },
        {
          "type": "image",
          "assetId": "lq4ESJI3EEiH",
          "checksum": "433ae18acfea73441581ee18e515f5b0"
        },
        {
          "type": "image",
          "assetId": "zwwKfS1dyljY",
          "checksum": "d4ced2d6cc5d5ac1fe5ba7d4de635cb6"
        },
        {
          "type": "image",
          "assetId": "nRI1dnUgRg7-",
          "checksum": "e163cf7d3d8eaf77f72d758cf5a2cdb2"
        },
        {
          "type": "image",
          "assetId": "2AL-IX9cMyIq",
          "checksum": "0618e14a9c1cb86ce135074347412546"
        },
        {
          "type": "image",
          "assetId": "nlSXrt_2mDJM",
          "checksum": "1096db4b81506e0061a052224c8db910"
        },
        {
          "type": "image",
          "assetId": "lW7SKg3eq0jl",
          "checksum": "e8f0c004cee8ec6332a492dca321f3f2"
        },
        {
          "type": "image",
          "assetId": "tf-7LknROjFP",
          "checksum": "73eacd152995902350be1c7713ff52dd"
        },
        {
          "type": "image",
          "assetId": "hWKdJ_uo4LBC",
          "checksum": "4269941e5370ec3881c9abb77be656cd"
        },
        {
          "type": "image",
          "assetId": "vqtU6Mb9A1fd",
          "checksum": "3d238e53af1b4526af5b082a76e513a1"
        },
        {
          "type": "image",
          "assetId": "hsg8NG22r5X3",
          "checksum": "b3264555074248e84134344d72f1ba6d"
        },
        {
          "type": "image",
          "assetId": "eL_iu5NgdX9r",
          "checksum": "aa0aec0556dcbb37db7ffb9369753390"
        },
        {
          "type": "image",
          "assetId": "DLdBr5tMQARC",
          "checksum": "bf40d25c1899f76ce69c06e28b1fc878"
        },
        {
          "type": "image",
          "assetId": "bka_vQ983F9i",
          "checksum": "6474e0b9339f396b62d965f4bcf77ab7"
        },
        {
          "type": "image",
          "assetId": "G0JZvpkdPxZt",
          "checksum": "674ae809768f45b8d1f01b4d4e283011"
        }
      ],
      "codegenVersion": "0.0.1"
    }
  ],
  "cliVersion": "0.1.330"
}
